
Microsoft Visual Studio Solution File, Format Version 12.00
# Visual Studio Version 17
VisualStudioVersion = 17.6.33815.320
MinimumVisualStudioVersion = 10.0.40219.1
Project("{FAE04EC0-301F-11D3-BF4B-00C04F79EFBC}") = "SportsClubManagement", "oop-course-project\SportsClubManagement.csproj", "{6DE64D42-28FE-43DC-BB36-51956E8054F1}"
EndProject
Global
	GlobalSection(SolutionConfigurationPlatforms) = preSolution
		Debug|Any CPU = Debug|Any CPU
		Release|Any CPU = Release|Any CPU
	EndGlobalSection
	GlobalSection(ProjectConfigurationPlatforms) = postSolution
		{6DE64D42-28FE-43DC-BB36-51956E8054F1}.Debug|Any CPU.ActiveCfg = Debug|Any CPU
		{6DE64D42-28FE-43DC-BB36-51956E8054F1}.Debug|Any CPU.Build.0 = Debug|Any CPU
		{6DE64D42-28FE-43DC-BB36-51956E8054F1}.Release|Any CPU.ActiveCfg = Release|Any CPU
		{6DE64D42-28FE-43DC-BB36-51956E8054F1}.Release|Any CPU.Build.0 = Release|Any CPU
	EndGlobalSection
	GlobalSection(SolutionProperties) = preSolution
		HideSolutionNode = FALSE
	EndGlobalSection
	GlobalSection(ExtensibilityGlobals) = postSolution
		SolutionGuid = {BDBCE3DD-AFCD-4DE8-979A-69866B5A9609}
	EndGlobalSection
EndGlobal
